# This is a Gradle generated file for dependency locking.
# Manual edits can break the build and are not advised.
# This file is expected to be part of source control.
# To regenerate this file, run: ./gradlew :dependencies --write-locks
ch.qos.logback:logback-classic:1.5.34=testCompileClasspath,testCompileProtoPath,testRuntimeClasspath
ch.qos.logback:logback-core:1.5.34=testCompileClasspath,testCompileProtoPath,testRuntimeClasspath
com.bucket4j:bucket4j_jdk17-core:8.15.0=compileClasspath,compileProtoPath,runtimeClasspath,testCompileClasspath,testCompileProtoPath,testRuntimeClasspath
com.fasterxml.jackson.core:jackson-annotations:2.18.9=compileClasspath,compileProtoPath,runtimeClasspath
com.fasterxml.jackson.core:jackson-annotations:2.20=testCompileClasspath,testCompileProtoPath,testRuntimeClasspath
com.fasterxml.jackson.core:jackson-core:2.18.9=compileClasspath,compileProtoPath,runtimeClasspath,testCompileClasspath,testCompileProtoPath,testRuntimeClasspath
com.fasterxml.jackson.core:jackson-databind:2.18.9=compileClasspath,compileProtoPath,runtimeClasspath,testCompileClasspath,testCompileProtoPath,testRuntimeClasspath
com.fasterxml.jackson:jackson-bom:2.18.9=compileClasspath,compileProtoPath,runtimeClasspath,testCompileClasspath,testCompileProtoPath,testRuntimeClasspath
com.github.docker-java:docker-java-api:3.7.0=testCompileClasspath,testCompileProtoPath,testRuntimeClasspath
com.github.docker-java:docker-java-transport-zerodep:3.7.0=testCompileClasspath,testCompileProtoPath,testRuntimeClasspath
com.github.docker-java:docker-java-transport:3.7.0=testCompileClasspath,testCompileProtoPath,testRuntimeClasspath
com.google.android:annotations:4.1.1.4=compileProtoPath,runtimeClasspath,testCompileProtoPath,testRuntimeClasspath
com.google.api.grpc:proto-google-common-protos:2.59.2=compileClasspath,compileProtoPath,runtimeClasspath,testCompileClasspath,testCompileProtoPath,testRuntimeClasspath
com.google.code.findbugs:jsr305:3.0.2=compileClasspath,compileProtoPath,runtimeClasspath,testCompileClasspath,testCompileProtoPath,testRuntimeClasspath
com.google.code.gson:gson:2.11.0=compileProtoPath,runtimeClasspath,testCompileProtoPath,testRuntimeClasspath
com.google.errorprone:error_prone_annotations:2.30.0=compileClasspath,compileProtoPath,runtimeClasspath,testCompileClasspath,testCompileProtoPath,testRuntimeClasspath
com.google.guava:failureaccess:1.0.2=compileClasspath,compileProtoPath,runtimeClasspath,testCompileClasspath,testCompileProtoPath,testRuntimeClasspath
com.google.guava:guava:33.3.1-android=compileClasspath,compileProtoPath,runtimeClasspath,testCompileClasspath,testCompileProtoPath,testRuntimeClasspath
com.google.guava:listenablefuture:9999.0-empty-to-avoid-conflict-with-guava=compileClasspath,compileProtoPath,runtimeClasspath,testCompileClasspath,testCompileProtoPath,testRuntimeClasspath
com.google.j2objc:j2objc-annotations:3.0.0=compileClasspath,compileProtoPath,runtimeClasspath,testCompileClasspath,testCompileProtoPath,testRuntimeClasspath
com.google.protobuf:protobuf-java:3.25.8=compileClasspath,compileProtoPath,runtimeClasspath,testCompileClasspath,testCompileProtoPath,testRuntimeClasspath
com.google.protobuf:protoc:3.25.5=protobufToolsLocator_protoc
commons-codec:commons-codec:1.19.0=testCompileClasspath,testCompileProtoPath,testRuntimeClasspath
commons-io:commons-io:2.20.0=testCompileClasspath,testCompileProtoPath,testRuntimeClasspath
io.grpc:grpc-api:1.75.0=compileClasspath,compileProtoPath,runtimeClasspath,testCompileClasspath,testCompileProtoPath,testRuntimeClasspath
io.grpc:grpc-context:1.75.0=compileProtoPath,runtimeClasspath,testCompileProtoPath,testRuntimeClasspath
io.grpc:grpc-core:1.75.0=compileClasspath,compileProtoPath,runtimeClasspath,testCompileClasspath,testCompileProtoPath,testRuntimeClasspath
io.grpc:grpc-inprocess:1.75.0=testCompileProtoPath,testRuntimeClasspath
io.grpc:grpc-netty-shaded:1.75.0=compileClasspath,compileProtoPath,runtimeClasspath,testCompileClasspath,testCompileProtoPath,testRuntimeClasspath
io.grpc:grpc-protobuf-lite:1.75.0=compileProtoPath,runtimeClasspath,testCompileProtoPath,testRuntimeClasspath
io.grpc:grpc-protobuf:1.75.0=compileClasspath,compileProtoPath,runtimeClasspath,testCompileClasspath,testCompileProtoPath,testRuntimeClasspath
io.grpc:grpc-stub:1.75.0=compileClasspath,compileProtoPath,runtimeClasspath,testCompileClasspath,testCompileProtoPath,testRuntimeClasspath
io.grpc:grpc-testing:1.75.0=testCompileClasspath,testCompileProtoPath,testRuntimeClasspath
io.grpc:grpc-util:1.75.0=compileProtoPath,runtimeClasspath,testCompileClasspath,testCompileProtoPath,testRuntimeClasspath
io.grpc:protoc-gen-grpc-java:1.75.0=protobufToolsLocator_grpc
io.jsonwebtoken:jjwt-api:0.12.1=compileClasspath,compileProtoPath,runtimeClasspath,testCompileClasspath,testCompileProtoPath,testRuntimeClasspath
io.jsonwebtoken:jjwt-impl:0.12.1=runtimeClasspath,testRuntimeClasspath
io.jsonwebtoken:jjwt-jackson:0.12.1=runtimeClasspath,testRuntimeClasspath
io.perfmark:perfmark-api:0.27.0=compileProtoPath,runtimeClasspath,testCompileProtoPath,testRuntimeClasspath
io.r2dbc:r2dbc-spi:1.0.0.RELEASE=compileClasspath,compileProtoPath,runtimeClasspath,testCompileClasspath,testCompileProtoPath,testRuntimeClasspath
jakarta.annotation:jakarta.annotation-api:2.1.1=compileClasspath,compileProtoPath,runtimeClasspath,testCompileClasspath,testCompileProtoPath,testRuntimeClasspath
javax.annotation:javax.annotation-api:1.3.2=compileClasspath,compileProtoPath,runtimeClasspath,testCompileClasspath,testCompileProtoPath,testRuntimeClasspath
junit:junit:4.13.2=testCompileClasspath,testCompileProtoPath,testRuntimeClasspath
net.bytebuddy:byte-buddy-agent:1.17.7=testCompileClasspath,testCompileProtoPath,testRuntimeClasspath
net.bytebuddy:byte-buddy:1.17.7=testCompileClasspath,testCompileProtoPath,testRuntimeClasspath
net.java.dev.jna:jna:5.18.1=testCompileClasspath,testCompileProtoPath,testRuntimeClasspath
org.apache.commons:commons-compress:1.28.0=testCompileClasspath,testCompileProtoPath,testRuntimeClasspath
org.apache.commons:commons-lang3:3.18.0=testCompileClasspath,testCompileProtoPath,testRuntimeClasspath
org.apiguardian:apiguardian-api:1.1.2=testCompileClasspath
org.checkerframework:checker-qual:3.43.0=compileClasspath,compileProtoPath,runtimeClasspath,testCompileClasspath,testCompileProtoPath,testRuntimeClasspath
org.codehaus.mojo:animal-sniffer-annotations:1.24=compileClasspath,compileProtoPath,runtimeClasspath,testCompileClasspath,testCompileProtoPath,testRuntimeClasspath
org.hamcrest:hamcrest-core:1.3=testCompileClasspath,testCompileProtoPath,testRuntimeClasspath
org.jacoco:org.jacoco.agent:0.8.14=jacocoAgent,jacocoAnt
org.jacoco:org.jacoco.ant:0.8.14=jacocoAnt
org.jacoco:org.jacoco.core:0.8.14=jacocoAnt
org.jacoco:org.jacoco.report:0.8.14=jacocoAnt
org.jetbrains:annotations:17.0.0=testCompileClasspath,testCompileProtoPath,testRuntimeClasspath
org.jooq:jooq:3.20.10=compileClasspath,compileProtoPath,runtimeClasspath,testCompileClasspath,testCompileProtoPath,testRuntimeClasspath
org.jspecify:jspecify:1.0.0=testCompileClasspath
org.junit.jupiter:junit-jupiter-api:6.1.0-M1=testCompileClasspath,testCompileProtoPath,testRuntimeClasspath
org.junit.jupiter:junit-jupiter-engine:6.1.0-M1=testCompileClasspath,testCompileProtoPath,testRuntimeClasspath
org.junit.jupiter:junit-jupiter-params:6.1.0-M1=testCompileClasspath,testCompileProtoPath,testRuntimeClasspath
org.junit.jupiter:junit-jupiter:6.1.0-M1=testCompileClasspath,testCompileProtoPath,testRuntimeClasspath
org.junit.platform:junit-platform-commons:6.1.0-M1=testCompileClasspath,testCompileProtoPath,testRuntimeClasspath
org.junit.platform:junit-platform-engine:6.1.0-M1=testCompileClasspath,testCompileProtoPath,testRuntimeClasspath
org.junit.platform:junit-platform-launcher:6.1.0-M1=testRuntimeClasspath
org.junit:junit-bom:6.1.0-M1=testCompileClasspath,testCompileProtoPath,testRuntimeClasspath
org.mockito:mockito-core:5.21.0=mockitoAgent,testCompileClasspath,testCompileProtoPath,testRuntimeClasspath
org.mockito:mockito-junit-jupiter:5.21.0=testCompileClasspath,testCompileProtoPath,testRuntimeClasspath
org.objenesis:objenesis:3.3=testCompileProtoPath,testRuntimeClasspath
org.opentest4j:opentest4j:1.3.0=testCompileClasspath,testCompileProtoPath,testRuntimeClasspath
org.ow2.asm:asm-commons:9.9=jacocoAnt
org.ow2.asm:asm-tree:9.9=jacocoAnt
org.ow2.asm:asm:9.9=jacocoAnt
org.postgresql:postgresql:42.7.12=compileClasspath,compileProtoPath,runtimeClasspath,testCompileClasspath,testCompileProtoPath,testRuntimeClasspath
org.reactivestreams:reactive-streams:1.0.3=compileClasspath,compileProtoPath,runtimeClasspath,testCompileClasspath,testCompileProtoPath,testRuntimeClasspath
org.rnorth.duct-tape:duct-tape:1.0.8=testCompileClasspath,testCompileProtoPath,testRuntimeClasspath
org.slf4j:slf4j-api:2.0.17=testCompileClasspath,testCompileProtoPath,testRuntimeClasspath
org.springframework.security:spring-security-crypto:7.0.2=compileClasspath,compileProtoPath,runtimeClasspath,testCompileClasspath,testCompileProtoPath,testRuntimeClasspath
org.springframework:spring-jcl:6.2.19=compileClasspath,compileProtoPath,runtimeClasspath,testCompileClasspath,testCompileProtoPath,testRuntimeClasspath
org.testcontainers:testcontainers-database-commons:2.0.3=testCompileClasspath,testCompileProtoPath,testRuntimeClasspath
org.testcontainers:testcontainers-jdbc:2.0.3=testCompileClasspath,testCompileProtoPath,testRuntimeClasspath
org.testcontainers:testcontainers-junit-jupiter:2.0.3=testCompileClasspath,testCompileProtoPath,testRuntimeClasspath
org.testcontainers:testcontainers-postgresql:2.0.3=testCompileClasspath,testCompileProtoPath,testRuntimeClasspath
org.testcontainers:testcontainers:2.0.3=testCompileClasspath,testCompileProtoPath,testRuntimeClasspath
empty=annotationProcessor,protobuf,testAnnotationProcessor,testProtobuf
